
Microsoft Visual Studio Solution File, Format Version 12.00
# Visual Studio Version 16
VisualStudioVersion = 16.0.31624.102
MinimumVisualStudioVersion = 10.0.40219.1
Project("{FAE04EC0-301F-11D3-BF4B-00C04F79EFBC}") = "Faker", "Faker\Faker.csproj", "{8DF63B05-B5A1-4658-909D-A484A6B6CCA1}"
EndProject
Project("{FAE04EC0-301F-11D3-BF4B-00C04F79EFBC}") = "Application", "Application\Application.csproj", "{A6DF8542-E69D-48ED-9EA6-5703EE6C0A3B}"
	ProjectSection(ProjectDependencies) = postProject
		{8DF63B05-B5A1-4658-909D-A484A6B6CCA1} = {8DF63B05-B5A1-4658-909D-A484A6B6CCA1}
	EndProjectSection
EndProject
Global
	GlobalSection(SolutionConfigurationPlatforms) = preSolution
		Debug|Any CPU = Debug|Any CPU
		Release|Any CPU = Release|Any CPU
	EndGlobalSection
	GlobalSection(ProjectConfigurationPlatforms) = postSolution
		{8DF63B05-B5A1-4658-909D-A484A6B6CCA1}.Debug|Any CPU.ActiveCfg = Debug|Any CPU
		{8DF63B05-B5A1-4658-909D-A484A6B6CCA1}.Debug|Any CPU.Build.0 = Debug|Any CPU
		{8DF63B05-B5A1-4658-909D-A484A6B6CCA1}.Release|Any CPU.ActiveCfg = Release|Any CPU
		{8DF63B05-B5A1-4658-909D-A484A6B6CCA1}.Release|Any CPU.Build.0 = Release|Any CPU
		{A6DF8542-E69D-48ED-9EA6-5703EE6C0A3B}.Debug|Any CPU.ActiveCfg = Debug|Any CPU
		{A6DF8542-E69D-48ED-9EA6-5703EE6C0A3B}.Debug|Any CPU.Build.0 = Debug|Any CPU
		{A6DF8542-E69D-48ED-9EA6-5703EE6C0A3B}.Release|Any CPU.ActiveCfg = Release|Any CPU
		{A6DF8542-E69D-48ED-9EA6-5703EE6C0A3B}.Release|Any CPU.Build.0 = Release|Any CPU
	EndGlobalSection
	GlobalSection(SolutionProperties) = preSolution
		HideSolutionNode = FALSE
	EndGlobalSection
	GlobalSection(ExtensibilityGlobals) = postSolution
		SolutionGuid = {B2530626-2F0B-4CA7-A237-3836FA04D5CC}
	EndGlobalSection
EndGlobal
